
Microsoft Visual Studio Solution File, Format Version 12.00
# Visual Studio Version 16
VisualStudioVersion = 16.0.31729.503
MinimumVisualStudioVersion = 10.0.40219.1
Project("{FAE04EC0-301F-11D3-BF4B-00C04F79EFBC}") = "ETABS_Plugin", "ETABS_Plugin.csproj", "{9D5E9AA7-0C8D-42D1-8093-7C7F71D6D52F}"
EndProject
Global
	GlobalSection(SolutionConfigurationPlatforms) = preSolution
		Debug|Any CPU = Debug|Any CPU
		Release|Any CPU = Release|Any CPU
	EndGlobalSection
	GlobalSection(ProjectConfigurationPlatforms) = postSolution
		{9D5E9AA7-0C8D-42D1-8093-7C7F71D6D52F}.Debug|Any CPU.ActiveCfg = Debug|Any CPU
		{9D5E9AA7-0C8D-42D1-8093-7C7F71D6D52F}.Debug|Any CPU.Build.0 = Debug|Any CPU
		{9D5E9AA7-0C8D-42D1-8093-7C7F71D6D52F}.Release|Any CPU.ActiveCfg = Release|Any CPU
		{9D5E9AA7-0C8D-42D1-8093-7C7F71D6D52F}.Release|Any CPU.Build.0 = Release|Any CPU
	EndGlobalSection
	GlobalSection(SolutionProperties) = preSolution
		HideSolutionNode = FALSE
	EndGlobalSection
	GlobalSection(ExtensibilityGlobals) = postSolution
		SolutionGuid = {A4B8023E-0E59-4843-AB2A-DC582F9E8FD9}
	EndGlobalSection
EndGlobal
