
Microsoft Visual Studio Solution File, Format Version 12.00
# Visual Studio Version 16
VisualStudioVersion = 16.0.31729.503
MinimumVisualStudioVersion = 10.0.40219.1
Project("{FAE04EC0-301F-11D3-BF4B-00C04F79EFBC}") = "GetSelectedObjects", "GetSelectedObjects.csproj", "{D826CF19-8314-44D7-9B15-55A84F0C4187}"
EndProject
Global
	GlobalSection(SolutionConfigurationPlatforms) = preSolution
		Debug|Any CPU = Debug|Any CPU
		Release|Any CPU = Release|Any CPU
	EndGlobalSection
	GlobalSection(ProjectConfigurationPlatforms) = postSolution
		{D826CF19-8314-44D7-9B15-55A84F0C4187}.Debug|Any CPU.ActiveCfg = Debug|Any CPU
		{D826CF19-8314-44D7-9B15-55A84F0C4187}.Debug|Any CPU.Build.0 = Debug|Any CPU
		{D826CF19-8314-44D7-9B15-55A84F0C4187}.Release|Any CPU.ActiveCfg = Release|Any CPU
		{D826CF19-8314-44D7-9B15-55A84F0C4187}.Release|Any CPU.Build.0 = Release|Any CPU
	EndGlobalSection
	GlobalSection(SolutionProperties) = preSolution
		HideSolutionNode = FALSE
	EndGlobalSection
	GlobalSection(ExtensibilityGlobals) = postSolution
		SolutionGuid = {4DF62767-1081-4C1C-A2AE-3F8DC7FDC14C}
	EndGlobalSection
EndGlobal
